
Microsoft Visual Studio Solution File, Format Version 12.00
# Visual Studio 15
VisualStudioVersion = 15.0.28307.1082
MinimumVisualStudioVersion = 10.0.40219.1
Project("{FAE04EC0-301F-11D3-BF4B-00C04F79EFBC}") = "Client", "Client\Client.csproj", "{B4532D8D-C931-4112-B7BE-D0B4DFE7C1BF}"
EndProject
Project("{FAE04EC0-301F-11D3-BF4B-00C04F79EFBC}") = "Server", "Server\Server.csproj", "{B04EA74C-F6B4-4CE2-8EED-AD28FE8F3050}"
EndProject
Project("{FAE04EC0-301F-11D3-BF4B-00C04F79EFBC}") = "Common", "Common\Common.csproj", "{365D8646-7FD3-4FB2-8265-628671C6F0AD}"
EndProject
Global
	GlobalSection(SolutionConfigurationPlatforms) = preSolution
		Debug|Any CPU = Debug|Any CPU
		Debug|ARM = Debug|ARM
		Debug|ARM64 = Debug|ARM64
		Debug|x64 = Debug|x64
		Debug|x86 = Debug|x86
		Release|Any CPU = Release|Any CPU
		Release|ARM = Release|ARM
		Release|ARM64 = Release|ARM64
		Release|x64 = Release|x64
		Release|x86 = Release|x86
	EndGlobalSection
	GlobalSection(ProjectConfigurationPlatforms) = postSolution
		{B4532D8D-C931-4112-B7BE-D0B4DFE7C1BF}.Debug|Any CPU.ActiveCfg = Debug|x86
		{B4532D8D-C931-4112-B7BE-D0B4DFE7C1BF}.Debug|ARM.ActiveCfg = Debug|ARM
		{B4532D8D-C931-4112-B7BE-D0B4DFE7C1BF}.Debug|ARM.Build.0 = Debug|ARM
		{B4532D8D-C931-4112-B7BE-D0B4DFE7C1BF}.Debug|ARM.Deploy.0 = Debug|ARM
		{B4532D8D-C931-4112-B7BE-D0B4DFE7C1BF}.Debug|ARM64.ActiveCfg = Debug|ARM64
		{B4532D8D-C931-4112-B7BE-D0B4DFE7C1BF}.Debug|ARM64.Build.0 = Debug|ARM64
		{B4532D8D-C931-4112-B7BE-D0B4DFE7C1BF}.Debug|ARM64.Deploy.0 = Debug|ARM64
		{B4532D8D-C931-4112-B7BE-D0B4DFE7C1BF}.Debug|x64.ActiveCfg = Debug|x64
		{B4532D8D-C931-4112-B7BE-D0B4DFE7C1BF}.Debug|x64.Build.0 = Debug|x64
		{B4532D8D-C931-4112-B7BE-D0B4DFE7C1BF}.Debug|x64.Deploy.0 = Debug|x64
		{B4532D8D-C931-4112-B7BE-D0B4DFE7C1BF}.Debug|x86.ActiveCfg = Debug|x86
		{B4532D8D-C931-4112-B7BE-D0B4DFE7C1BF}.Debug|x86.Build.0 = Debug|x86
		{B4532D8D-C931-4112-B7BE-D0B4DFE7C1BF}.Debug|x86.Deploy.0 = Debug|x86
		{B4532D8D-C931-4112-B7BE-D0B4DFE7C1BF}.Release|Any CPU.ActiveCfg = Release|x86
		{B4532D8D-C931-4112-B7BE-D0B4DFE7C1BF}.Release|ARM.ActiveCfg = Release|ARM
		{B4532D8D-C931-4112-B7BE-D0B4DFE7C1BF}.Release|ARM.Build.0 = Release|ARM
		{B4532D8D-C931-4112-B7BE-D0B4DFE7C1BF}.Release|ARM.Deploy.0 = Release|ARM
		{B4532D8D-C931-4112-B7BE-D0B4DFE7C1BF}.Release|ARM64.ActiveCfg = Release|ARM64
		{B4532D8D-C931-4112-B7BE-D0B4DFE7C1BF}.Release|ARM64.Build.0 = Release|ARM64
		{B4532D8D-C931-4112-B7BE-D0B4DFE7C1BF}.Release|ARM64.Deploy.0 = Release|ARM64
		{B4532D8D-C931-4112-B7BE-D0B4DFE7C1BF}.Release|x64.ActiveCfg = Release|x64
		{B4532D8D-C931-4112-B7BE-D0B4DFE7C1BF}.Release|x64.Build.0 = Release|x64
		{B4532D8D-C931-4112-B7BE-D0B4DFE7C1BF}.Release|x64.Deploy.0 = Release|x64
		{B4532D8D-C931-4112-B7BE-D0B4DFE7C1BF}.Release|x86.ActiveCfg = Release|x86
		{B4532D8D-C931-4112-B7BE-D0B4DFE7C1BF}.Release|x86.Build.0 = Release|x86
		{B4532D8D-C931-4112-B7BE-D0B4DFE7C1BF}.Release|x86.Deploy.0 = Release|x86
		{B04EA74C-F6B4-4CE2-8EED-AD28FE8F3050}.Debug|Any CPU.ActiveCfg = Debug|Any CPU
		{B04EA74C-F6B4-4CE2-8EED-AD28FE8F3050}.Debug|Any CPU.Build.0 = Debug|Any CPU
		{B04EA74C-F6B4-4CE2-8EED-AD28FE8F3050}.Debug|ARM.ActiveCfg = Debug|Any CPU
		{B04EA74C-F6B4-4CE2-8EED-AD28FE8F3050}.Debug|ARM.Build.0 = Debug|Any CPU
		{B04EA74C-F6B4-4CE2-8EED-AD28FE8F3050}.Debug|ARM64.ActiveCfg = Debug|Any CPU
		{B04EA74C-F6B4-4CE2-8EED-AD28FE8F3050}.Debug|ARM64.Build.0 = Debug|Any CPU
		{B04EA74C-F6B4-4CE2-8EED-AD28FE8F3050}.Debug|x64.ActiveCfg = Debug|Any CPU
		{B04EA74C-F6B4-4CE2-8EED-AD28FE8F3050}.Debug|x64.Build.0 = Debug|Any CPU
		{B04EA74C-F6B4-4CE2-8EED-AD28FE8F3050}.Debug|x86.ActiveCfg = Debug|Any CPU
		{B04EA74C-F6B4-4CE2-8EED-AD28FE8F3050}.Debug|x86.Build.0 = Debug|Any CPU
		{B04EA74C-F6B4-4CE2-8EED-AD28FE8F3050}.Release|Any CPU.ActiveCfg = Release|Any CPU
		{B04EA74C-F6B4-4CE2-8EED-AD28FE8F3050}.Release|Any CPU.Build.0 = Release|Any CPU
		{B04EA74C-F6B4-4CE2-8EED-AD28FE8F3050}.Release|ARM.ActiveCfg = Release|Any CPU
		{B04EA74C-F6B4-4CE2-8EED-AD28FE8F3050}.Release|ARM.Build.0 = Release|Any CPU
		{B04EA74C-F6B4-4CE2-8EED-AD28FE8F3050}.Release|ARM64.ActiveCfg = Release|Any CPU
		{B04EA74C-F6B4-4CE2-8EED-AD28FE8F3050}.Release|ARM64.Build.0 = Release|Any CPU
		{B04EA74C-F6B4-4CE2-8EED-AD28FE8F3050}.Release|x64.ActiveCfg = Release|Any CPU
		{B04EA74C-F6B4-4CE2-8EED-AD28FE8F3050}.Release|x64.Build.0 = Release|Any CPU
		{B04EA74C-F6B4-4CE2-8EED-AD28FE8F3050}.Release|x86.ActiveCfg = Release|Any CPU
		{B04EA74C-F6B4-4CE2-8EED-AD28FE8F3050}.Release|x86.Build.0 = Release|Any CPU
		{365D8646-7FD3-4FB2-8265-628671C6F0AD}.Debug|Any CPU.ActiveCfg = Debug|Any CPU
		{365D8646-7FD3-4FB2-8265-628671C6F0AD}.Debug|Any CPU.Build.0 = Debug|Any CPU
		{365D8646-7FD3-4FB2-8265-628671C6F0AD}.Debug|ARM.ActiveCfg = Debug|Any CPU
		{365D8646-7FD3-4FB2-8265-628671C6F0AD}.Debug|ARM.Build.0 = Debug|Any CPU
		{365D8646-7FD3-4FB2-8265-628671C6F0AD}.Debug|ARM64.ActiveCfg = Debug|Any CPU
		{365D8646-7FD3-4FB2-8265-628671C6F0AD}.Debug|ARM64.Build.0 = Debug|Any CPU
		{365D8646-7FD3-4FB2-8265-628671C6F0AD}.Debug|x64.ActiveCfg = Debug|Any CPU
		{365D8646-7FD3-4FB2-8265-628671C6F0AD}.Debug|x64.Build.0 = Debug|Any CPU
		{365D8646-7FD3-4FB2-8265-628671C6F0AD}.Debug|x86.ActiveCfg = Debug|Any CPU
		{365D8646-7FD3-4FB2-8265-628671C6F0AD}.Debug|x86.Build.0 = Debug|Any CPU
		{365D8646-7FD3-4FB2-8265-628671C6F0AD}.Release|Any CPU.ActiveCfg = Release|Any CPU
		{365D8646-7FD3-4FB2-8265-628671C6F0AD}.Release|Any CPU.Build.0 = Release|Any CPU
		{365D8646-7FD3-4FB2-8265-628671C6F0AD}.Release|ARM.ActiveCfg = Release|Any CPU
		{365D8646-7FD3-4FB2-8265-628671C6F0AD}.Release|ARM.Build.0 = Release|Any CPU
		{365D8646-7FD3-4FB2-8265-628671C6F0AD}.Release|ARM64.ActiveCfg = Release|Any CPU
		{365D8646-7FD3-4FB2-8265-628671C6F0AD}.Release|ARM64.Build.0 = Release|Any CPU
		{365D8646-7FD3-4FB2-8265-628671C6F0AD}.Release|x64.ActiveCfg = Release|Any CPU
		{365D8646-7FD3-4FB2-8265-628671C6F0AD}.Release|x64.Build.0 = Release|Any CPU
		{365D8646-7FD3-4FB2-8265-628671C6F0AD}.Release|x86.ActiveCfg = Release|Any CPU
		{365D8646-7FD3-4FB2-8265-628671C6F0AD}.Release|x86.Build.0 = Release|Any CPU
	EndGlobalSection
	GlobalSection(SolutionProperties) = preSolution
		HideSolutionNode = FALSE
	EndGlobalSection
	GlobalSection(ExtensibilityGlobals) = postSolution
		SolutionGuid = {B3746436-94E8-452A-ABFD-83CBD93238DE}
	EndGlobalSection
EndGlobal
